
Microsoft Visual Studio Solution File, Format Version 12.00
# Visual Studio Version 17
VisualStudioVersion = 17.11.35222.181
MinimumVisualStudioVersion = 10.0.40219.1
Project("{9A19103F-16F7-4668-BE54-9A1E7A4F7556}") = "Bookify.Web", "Bookify.Web\Bookify.Web.csproj", "{88195653-5C0F-493F-ABC2-32B2FD22A3E2}"
EndProject
Project("{FAE04EC0-301F-11D3-BF4B-00C04F79EFBC}") = "Bookify.Domain", "Bookify.Domain\Bookify.Domain.csproj", "{F908A4C1-D0AE-47CC-89D8-8D9386B42742}"
EndProject
Project("{FAE04EC0-301F-11D3-BF4B-00C04F79EFBC}") = "Bookify.Application", "Bookify.Application\Bookify.Application.csproj", "{1AB1E6C8-DD86-4A46-9613-A73E1DAA9F26}"
EndProject
Project("{FAE04EC0-301F-11D3-BF4B-00C04F79EFBC}") = "Bookify.Infrastructure", "Bookify.InfrastructureLayer\Bookify.Infrastructure.csproj", "{20874E1B-A49E-420B-B20B-A71CDEDA93C3}"
EndProject
Global
	GlobalSection(SolutionConfigurationPlatforms) = preSolution
		Debug|Any CPU = Debug|Any CPU
		Release|Any CPU = Release|Any CPU
	EndGlobalSection
	GlobalSection(ProjectConfigurationPlatforms) = postSolution
		{88195653-5C0F-493F-ABC2-32B2FD22A3E2}.Debug|Any CPU.ActiveCfg = Debug|Any CPU
		{88195653-5C0F-493F-ABC2-32B2FD22A3E2}.Debug|Any CPU.Build.0 = Debug|Any CPU
		{88195653-5C0F-493F-ABC2-32B2FD22A3E2}.Release|Any CPU.ActiveCfg = Release|Any CPU
		{88195653-5C0F-493F-ABC2-32B2FD22A3E2}.Release|Any CPU.Build.0 = Release|Any CPU
		{F908A4C1-D0AE-47CC-89D8-8D9386B42742}.Debug|Any CPU.ActiveCfg = Debug|Any CPU
		{F908A4C1-D0AE-47CC-89D8-8D9386B42742}.Debug|Any CPU.Build.0 = Debug|Any CPU
		{F908A4C1-D0AE-47CC-89D8-8D9386B42742}.Release|Any CPU.ActiveCfg = Release|Any CPU
		{F908A4C1-D0AE-47CC-89D8-8D9386B42742}.Release|Any CPU.Build.0 = Release|Any CPU
		{1AB1E6C8-DD86-4A46-9613-A73E1DAA9F26}.Debug|Any CPU.ActiveCfg = Debug|Any CPU
		{1AB1E6C8-DD86-4A46-9613-A73E1DAA9F26}.Debug|Any CPU.Build.0 = Debug|Any CPU
		{1AB1E6C8-DD86-4A46-9613-A73E1DAA9F26}.Release|Any CPU.ActiveCfg = Release|Any CPU
		{1AB1E6C8-DD86-4A46-9613-A73E1DAA9F26}.Release|Any CPU.Build.0 = Release|Any CPU
		{20874E1B-A49E-420B-B20B-A71CDEDA93C3}.Debug|Any CPU.ActiveCfg = Debug|Any CPU
		{20874E1B-A49E-420B-B20B-A71CDEDA93C3}.Debug|Any CPU.Build.0 = Debug|Any CPU
		{20874E1B-A49E-420B-B20B-A71CDEDA93C3}.Release|Any CPU.ActiveCfg = Release|Any CPU
		{20874E1B-A49E-420B-B20B-A71CDEDA93C3}.Release|Any CPU.Build.0 = Release|Any CPU
	EndGlobalSection
	GlobalSection(SolutionProperties) = preSolution
		HideSolutionNode = FALSE
	EndGlobalSection
	GlobalSection(ExtensibilityGlobals) = postSolution
		SolutionGuid = {877E7937-7945-41D7-B31F-622FD5A72DD6}
	EndGlobalSection
EndGlobal
